
Microsoft Visual Studio Solution File, Format Version 12.00
# Visual Studio Version 16
VisualStudioVersion = 16.0.31702.278
MinimumVisualStudioVersion = 10.0.40219.1
Project("{FAE04EC0-301F-11D3-BF4B-00C04F79EFBC}") = "SteveSweeper", "SteveSweeper\SteveSweeper.csproj", "{68A03C23-75C6-422E-82CC-ACB394EE846E}"
EndProject
Global
	GlobalSection(SolutionConfigurationPlatforms) = preSolution
		Debug|Any CPU = Debug|Any CPU
		Release|Any CPU = Release|Any CPU
	EndGlobalSection
	GlobalSection(ProjectConfigurationPlatforms) = postSolution
		{68A03C23-75C6-422E-82CC-ACB394EE846E}.Debug|Any CPU.ActiveCfg = Debug|Any CPU
		{68A03C23-75C6-422E-82CC-ACB394EE846E}.Debug|Any CPU.Build.0 = Debug|Any CPU
		{68A03C23-75C6-422E-82CC-ACB394EE846E}.Release|Any CPU.ActiveCfg = Release|Any CPU
		{68A03C23-75C6-422E-82CC-ACB394EE846E}.Release|Any CPU.Build.0 = Release|Any CPU
	EndGlobalSection
	GlobalSection(SolutionProperties) = preSolution
		HideSolutionNode = FALSE
	EndGlobalSection
	GlobalSection(ExtensibilityGlobals) = postSolution
		SolutionGuid = {2B7C6294-DDAA-45AA-AF2F-0BA5FF8ACA76}
	EndGlobalSection
EndGlobal
